// !$*UTF8*$!
{
	archiveVersion = 1;
	classes = {
	};
	objectVersion = 50;
	objects = {

/* Begin PBXBuildFile section */
		A34EA55DE2A85241C5180196 /* Pods_dashboard.framework in Frameworks */ = {isa = PBXBuildFile; fileRef = A159E0FB6CEE7813BDA3D2F8 /* Pods_dashboard.framework */; };
		B51D02372258C41900DEB1C9 /* AppDelegate.swift in Sources */ = {isa = PBXBuildFile; fileRef = B51D02362258C41900DEB1C9 /* AppDelegate.swift */; };
		B51D02392258C41900DEB1C9 /* ViewController.swift in Sources */ = {isa = PBXBuildFile; fileRef = B51D02382258C41900DEB1C9 /* ViewController.swift */; };
		B51D023C2258C41900DEB1C9 /* Main.storyboard in Resources */ = {isa = PBXBuildFile; fileRef = B51D023A2258C41900DEB1C9 /* Main.storyboard */; };
		B51D023E2258C41A00DEB1C9 /* Assets.xcassets in Resources */ = {isa = PBXBuildFile; fileRef = B51D023D2258C41A00DEB1C9 /* Assets.xcassets */; };
		B51D02412258C41A00DEB1C9 /* LaunchScreen.storyboard in Resources */ = {isa = PBXBuildFile; fileRef = B51D023F2258C41A00DEB1C9 /* LaunchScreen.storyboard */; };
		B51D02492258E07E00DEB1C9 /* ApprovalViewController.swift in Sources */ = {isa = PBXBuildFile; fileRef = B51D02482258E07E00DEB1C9 /* ApprovalViewController.swift */; };
		B554C8AE2259D2F9006D976C /* AppConstants.swift in Sources */ = {isa = PBXBuildFile; fileRef = B554C8AD2259D2F9006D976C /* AppConstants.swift */; };
/* End PBXBuildFile section */

/* Begin PBXFileReference section */
		A159E0FB6CEE7813BDA3D2F8 /* Pods_dashboard.framework */ = {isa = PBXFileReference; explicitFileType = wrapper.framework; includeInIndex = 0; path = Pods_dashboard.framework; sourceTree = BUILT_PRODUCTS_DIR; };
		B51D02332258C41900DEB1C9 /* dashboard.app */ = {isa = PBXFileReference; explicitFileType = wrapper.application; includeInIndex = 0; path = dashboard.app; sourceTree = BUILT_PRODUCTS_DIR; };
		B51D02362258C41900DEB1C9 /* AppDelegate.swift */ = {isa = PBXFileReference; lastKnownFileType = sourcecode.swift; path = AppDelegate.swift; sourceTree = "<group>"; };
		B51D02382258C41900DEB1C9 /* ViewController.swift */ = {isa = PBXFileReference; lastKnownFileType = sourcecode.swift; path = ViewController.swift; sourceTree = "<group>"; };
		B51D023B2258C41900DEB1C9 /* Base */ = {isa = PBXFileReference; lastKnownFileType = file.storyboard; name = Base; path = Base.lproj/Main.storyboard; sourceTree = "<group>"; };
		B51D023D2258C41A00DEB1C9 /* Assets.xcassets */ = {isa = PBXFileReference; lastKnownFileType = folder.assetcatalog; path = Assets.xcassets; sourceTree = "<group>"; };
		B51D02402258C41A00DEB1C9 /* Base */ = {isa = PBXFileReference; lastKnownFileType = file.storyboard; name = Base; path = Base.lproj/LaunchScreen.storyboard; sourceTree = "<group>"; };
		B51D02422258C41A00DEB1C9 /* Info.plist */ = {isa = PBXFileReference; lastKnownFileType = text.plist.xml; path = Info.plist; sourceTree = "<group>"; };
		B51D02482258E07E00DEB1C9 /* ApprovalViewController.swift */ = {isa = PBXFileReference; lastKnownFileType = sourcecode.swift; path = ApprovalViewController.swift; sourceTree = "<group>"; };
		B554C8AD2259D2F9006D976C /* AppConstants.swift */ = {isa = PBXFileReference; lastKnownFileType = sourcecode.swift; path = AppConstants.swift; sourceTree = "<group>"; };
		B56FE074225D314B009696E8 /* dashboard.entitlements */ = {isa = PBXFileReference; lastKnownFileType = text.plist.entitlements; path = dashboard.entitlements; sourceTree = "<group>"; };
		CB8AFF0EA53374A39FC7ACD2 /* Pods-dashboard.debug.xcconfig */ = {isa = PBXFileReference; includeInIndex = 1; lastKnownFileType = text.xcconfig; name = "Pods-dashboard.debug.xcconfig"; path = "Pods/Target Support Files/Pods-dashboard/Pods-dashboard.debug.xcconfig"; sourceTree = "<group>"; };
		E3E18898F251B60925EF5EFD /* Pods-dashboard.release.xcconfig */ = {isa = PBXFileReference; includeInIndex = 1; lastKnownFileType = text.xcconfig; name = "Pods-dashboard.release.xcconfig"; path = "Pods/Target Support Files/Pods-dashboard/Pods-dashboard.release.xcconfig"; sourceTree = "<group>"; };
/* End PBXFileReference section */

/* Begin PBXFrameworksBuildPhase section */
		B51D02302258C41900DEB1C9 /* Frameworks */ = {
			isa = PBXFrameworksBuildPhase;
			buildActionMask = 2147483647;
			files = (
				A34EA55DE2A85241C5180196 /* Pods_dashboard.framework in Frameworks */,
			);
			runOnlyForDeploymentPostprocessing = 0;
		};
/* End PBXFrameworksBuildPhase section */

/* Begin PBXGroup section */
		045A5DA72D1AF056D0442A66 /* Pods */ = {
			isa = PBXGroup;
			children = (
				CB8AFF0EA53374A39FC7ACD2 /* Pods-dashboard.debug.xcconfig */,
				E3E18898F251B60925EF5EFD /* Pods-dashboard.release.xcconfig */,
			);
			name = Pods;
			sourceTree = "<group>";
		};
		B51D022A2258C41900DEB1C9 = {
			isa = PBXGroup;
			children = (
				B51D02352258C41900DEB1C9 /* dashboard */,
				B51D02342258C41900DEB1C9 /* Products */,
				045A5DA72D1AF056D0442A66 /* Pods */,
				D930F64FD5463158013DF7A7 /* Frameworks */,
			);
			sourceTree = "<group>";
		};
		B51D02342258C41900DEB1C9 /* Products */ = {
			isa = PBXGroup;
			children = (
				B51D02332258C41900DEB1C9 /* dashboard.app */,
			);
			name = Products;
			sourceTree = "<group>";
		};
		B51D02352258C41900DEB1C9 /* dashboard */ = {
			isa = PBXGroup;
			children = (
				B56FE074225D314B009696E8 /* dashboard.entitlements */,
				B51D02362258C41900DEB1C9 /* AppDelegate.swift */,
				B51D02382258C41900DEB1C9 /* ViewController.swift */,
				B51D023A2258C41900DEB1C9 /* Main.storyboard */,
				B51D023D2258C41A00DEB1C9 /* Assets.xcassets */,
				B51D023F2258C41A00DEB1C9 /* LaunchScreen.storyboard */,
				B51D02422258C41A00DEB1C9 /* Info.plist */,
				B51D02482258E07E00DEB1C9 /* ApprovalViewController.swift */,
				B554C8AD2259D2F9006D976C /* AppConstants.swift */,
			);
			path = dashboard;
			sourceTree = "<group>";
		};
		D930F64FD5463158013DF7A7 /* Frameworks */ = {
			isa = PBXGroup;
			children = (
				A159E0FB6CEE7813BDA3D2F8 /* Pods_dashboard.framework */,
			);
			name = Frameworks;
			sourceTree = "<group>";
		};
/* End PBXGroup section */

/* Begin PBXNativeTarget section */
		B51D02322258C41900DEB1C9 /* dashboard */ = {
			isa = PBXNativeTarget;
			buildConfigurationList = B51D02452258C41A00DEB1C9 /* Build configuration list for PBXNativeTarget "dashboard" */;
			buildPhases = (
				74A7DC779457B92C9BFBC13C /* [CP] Check Pods Manifest.lock */,
				B51D022F2258C41900DEB1C9 /* Sources */,
				B51D02302258C41900DEB1C9 /* Frameworks */,
				B51D02312258C41900DEB1C9 /* Resources */,
				6D5603F69F12F17F5D9A23E0 /* [CP] Embed Pods Frameworks */,
			);
			buildRules = (
			);
			dependencies = (
			);
			name = dashboard;
			productName = dashboard;
			productReference = B51D02332258C41900DEB1C9 /* dashboard.app */;
			productType = "com.apple.product-type.application";
		};
/* End PBXNativeTarget section */

/* Begin PBXProject section */
		B51D022B2258C41900DEB1C9 /* Project object */ = {
			isa = PBXProject;
			attributes = {
				LastSwiftUpdateCheck = 1020;
				LastUpgradeCheck = 1020;
				ORGANIZATIONNAME = TapSharp;
				TargetAttributes = {
					B51D02322258C41900DEB1C9 = {
						CreatedOnToolsVersion = 10.2;
						SystemCapabilities = {
							com.apple.BackgroundModes = {
								enabled = 1;
							};
							com.apple.Push = {
								enabled = 1;
							};
						};
					};
				};
			};
			buildConfigurationList = B51D022E2258C41900DEB1C9 /* Build configuration list for PBXProject "dashboard" */;
			compatibilityVersion = "Xcode 9.3";
			developmentRegion = en;
			hasScannedForEncodings = 0;
			knownRegions = (
				en,
				Base,
			);
			mainGroup = B51D022A2258C41900DEB1C9;
			productRefGroup = B51D02342258C41900DEB1C9 /* Products */;
			projectDirPath = "";
			projectRoot = "";
			targets = (
				B51D02322258C41900DEB1C9 /* dashboard */,
			);
		};
/* End PBXProject section */

/* Begin PBXResourcesBuildPhase section */
		B51D02312258C41900DEB1C9 /* Resources */ = {
			isa = PBXResourcesBuildPhase;
			buildActionMask = 2147483647;
			files = (
				B51D02412258C41A00DEB1C9 /* LaunchScreen.storyboard in Resources */,
				B51D023E2258C41A00DEB1C9 /* Assets.xcassets in Resources */,
				B51D023C2258C41900DEB1C9 /* Main.storyboard in Resources */,
			);
			runOnlyForDeploymentPostprocessing = 0;
		};
/* End PBXResourcesBuildPhase section */

/* Begin PBXShellScriptBuildPhase section */
		6D5603F69F12F17F5D9A23E0 /* [CP] Embed Pods Frameworks */ = {
			isa = PBXShellScriptBuildPhase;
			buildActionMask = 2147483647;
			files = (
			);
			inputPaths = (
				"${SRCROOT}/Pods/Target Support Files/Pods-dashboard/Pods-dashboard-frameworks.sh",
				"${BUILT_PRODUCTS_DIR}/Alamofire/Alamofire.framework",
				"${BUILT_PRODUCTS_DIR}/CryptoSwift/CryptoSwift.framework",
				"${BUILT_PRODUCTS_DIR}/PushNotifications/PushNotifications.framework",
				"${BUILT_PRODUCTS_DIR}/PusherSwift/PusherSwift.framework",
				"${BUILT_PRODUCTS_DIR}/ReachabilitySwift/Reachability.framework",
				"${BUILT_PRODUCTS_DIR}/Starscream/Starscream.framework",
				"${BUILT_PRODUCTS_DIR}/TaskQueue/TaskQueue.framework",
			);
			name = "[CP] Embed Pods Frameworks";
			outputPaths = (
				"${TARGET_BUILD_DIR}/${FRAMEWORKS_FOLDER_PATH}/Alamofire.framework",
				"${TARGET_BUILD_DIR}/${FRAMEWORKS_FOLDER_PATH}/CryptoSwift.framework",
				"${TARGET_BUILD_DIR}/${FRAMEWORKS_FOLDER_PATH}/PushNotifications.framework",
				"${TARGET_BUILD_DIR}/${FRAMEWORKS_FOLDER_PATH}/PusherSwift.framework",
				"${TARGET_BUILD_DIR}/${FRAMEWORKS_FOLDER_PATH}/Reachability.framework",
				"${TARGET_BUILD_DIR}/${FRAMEWORKS_FOLDER_PATH}/Starscream.framework",
				"${TARGET_BUILD_DIR}/${FRAMEWORKS_FOLDER_PATH}/TaskQueue.framework",
			);
			runOnlyForDeploymentPostprocessing = 0;
			shellPath = /bin/sh;
			shellScript = "\"${SRCROOT}/Pods/Target Support Files/Pods-dashboard/Pods-dashboard-frameworks.sh\"\n";
			showEnvVarsInLog = 0;
		};
		74A7DC779457B92C9BFBC13C /* [CP] Check Pods Manifest.lock */ = {
			isa = PBXShellScriptBuildPhase;
			buildActionMask = 2147483647;
			files = (
			);
			inputPaths = (
				"${PODS_PODFILE_DIR_PATH}/Podfile.lock",
				"${PODS_ROOT}/Manifest.lock",
			);
			name = "[CP] Check Pods Manifest.lock";
			outputPaths = (
				"$(DERIVED_FILE_DIR)/Pods-dashboard-checkManifestLockResult.txt",
			);
			runOnlyForDeploymentPostprocessing = 0;
			shellPath = /bin/sh;
			shellScript = "diff \"${PODS_PODFILE_DIR_PATH}/Podfile.lock\" \"${PODS_ROOT}/Manifest.lock\" > /dev/null\nif [ $? != 0 ] ; then\n    # print error to STDERR\n    echo \"error: The sandbox is not in sync with the Podfile.lock. Run 'pod install' or update your CocoaPods installation.\" >&2\n    exit 1\nfi\n# This output is used by Xcode 'outputs' to avoid re-running this script phase.\necho \"SUCCESS\" > \"${SCRIPT_OUTPUT_FILE_0}\"\n";
			showEnvVarsInLog = 0;
		};
/* End PBXShellScriptBuildPhase section */

/* Begin PBXSourcesBuildPhase section */
		B51D022F2258C41900DEB1C9 /* Sources */ = {
			isa = PBXSourcesBuildPhase;
			buildActionMask = 2147483647;
			files = (
				B51D02492258E07E00DEB1C9 /* ApprovalViewController.swift in Sources */,
				B51D02392258C41900DEB1C9 /* ViewController.swift in Sources */,
				B51D02372258C41900DEB1C9 /* AppDelegate.swift in Sources */,
				B554C8AE2259D2F9006D976C /* AppConstants.swift in Sources */,
			);
			runOnlyForDeploymentPostprocessing = 0;
		};
/* End PBXSourcesBuildPhase section */

/* Begin PBXVariantGroup section */
		B51D023A2258C41900DEB1C9 /* Main.storyboard */ = {
			isa = PBXVariantGroup;
			children = (
				B51D023B2258C41900DEB1C9 /* Base */,
			);
			name = Main.storyboard;
			sourceTree = "<group>";
		};
		B51D023F2258C41A00DEB1C9 /* LaunchScreen.storyboard */ = {
			isa = PBXVariantGroup;
			children = (
				B51D02402258C41A00DEB1C9 /* Base */,
			);
			name = LaunchScreen.storyboard;
			sourceTree = "<group>";
		};
/* End PBXVariantGroup section */

/* Begin XCBuildConfiguration section */
		B51D02432258C41A00DEB1C9 /* Debug */ = {
			isa = XCBuildConfiguration;
			buildSettings = {
				ALWAYS_SEARCH_USER_PATHS = NO;
				CLANG_ANALYZER_NONNULL = YES;
				CLANG_ANALYZER_NUMBER_OBJECT_CONVERSION = YES_AGGRESSIVE;
				CLANG_CXX_LANGUAGE_STANDARD = "gnu++14";
				CLANG_CXX_LIBRARY = "libc++";
				CLANG_ENABLE_MODULES = YES;
				CLANG_ENABLE_OBJC_ARC = YES;
				CLANG_ENABLE_OBJC_WEAK = YES;
				CLANG_WARN_BLOCK_CAPTURE_AUTORELEASING = YES;
				CLANG_WARN_BOOL_CONVERSION = YES;
				CLANG_WARN_COMMA = YES;
				CLANG_WARN_CONSTANT_CONVERSION = YES;
				CLANG_WARN_DEPRECATED_OBJC_IMPLEMENTATIONS = YES;
				CLANG_WARN_DIRECT_OBJC_ISA_USAGE = YES_ERROR;
				CLANG_WARN_DOCUMENTATION_COMMENTS = YES;
				CLANG_WARN_EMPTY_BODY = YES;
				CLANG_WARN_ENUM_CONVERSION = YES;
				CLANG_WARN_INFINITE_RECURSION = YES;
				CLANG_WARN_INT_CONVERSION = YES;
				CLANG_WARN_NON_LITERAL_NULL_CONVERSION = YES;
				CLANG_WARN_OBJC_IMPLICIT_RETAIN_SELF = YES;
				CLANG_WARN_OBJC_LITERAL_CONVERSION = YES;
				CLANG_WARN_OBJC_ROOT_CLASS = YES_ERROR;
				CLANG_WARN_RANGE_LOOP_ANALYSIS = YES;
				CLANG_WARN_STRICT_PROTOTYPES = YES;
				CLANG_WARN_SUSPICIOUS_MOVE = YES;
				CLANG_WARN_UNGUARDED_AVAILABILITY = YES_AGGRESSIVE;
				CLANG_WARN_UNREACHABLE_CODE = YES;
				CLANG_WARN__DUPLICATE_METHOD_MATCH = YES;
				CODE_SIGN_IDENTITY = "iPhone Developer";
				COPY_PHASE_STRIP = NO;
				DEBUG_INFORMATION_FORMAT = dwarf;
				ENABLE_STRICT_OBJC_MSGSEND = YES;
				ENABLE_TESTABILITY = YES;
				GCC_C_LANGUAGE_STANDARD = gnu11;
				GCC_DYNAMIC_NO_PIC = NO;
				GCC_NO_COMMON_BLOCKS = YES;
				GCC_OPTIMIZATION_LEVEL = 0;
				GCC_PREPROCESSOR_DEFINITIONS = (
					"DEBUG=1",
					"$(inherited)",
				);
				GCC_WARN_64_TO_32_BIT_CONVERSION = YES;
				GCC_WARN_ABOUT_RETURN_TYPE = YES_ERROR;
				GCC_WARN_UNDECLARED_SELECTOR = YES;
				GCC_WARN_UNINITIALIZED_AUTOS = YES_AGGRESSIVE;
				GCC_WARN_UNUSED_FUNCTION = YES;
				GCC_WARN_UNUSED_VARIABLE = YES;
				IPHONEOS_DEPLOYMENT_TARGET = 12.2;
				MTL_ENABLE_DEBUG_INFO = INCLUDE_SOURCE;
				MTL_FAST_MATH = YES;
				ONLY_ACTIVE_ARCH = YES;
				SDKROOT = iphoneos;
				SWIFT_ACTIVE_COMPILATION_CONDITIONS = DEBUG;
				SWIFT_OPTIMIZATION_LEVEL = "-Onone";
			};
			name = Debug;
		};
		B51D02442258C41A00DEB1C9 /* Release */ = {
			isa = XCBuildConfiguration;
			buildSettings = {
				ALWAYS_SEARCH_USER_PATHS = NO;
				CLANG_ANALYZER_NONNULL = YES;
				CLANG_ANALYZER_NUMBER_OBJECT_CONVERSION = YES_AGGRESSIVE;
				CLANG_CXX_LANGUAGE_STANDARD = "gnu++14";
				CLANG_CXX_LIBRARY = "libc++";
				CLANG_ENABLE_MODULES = YES;
				CLANG_ENABLE_OBJC_ARC = YES;
				CLANG_ENABLE_OBJC_WEAK = YES;
				CLANG_WARN_BLOCK_CAPTURE_AUTORELEASING = YES;
				CLANG_WARN_BOOL_CONVERSION = YES;
				CLANG_WARN_COMMA = YES;
				CLANG_WARN_CONSTANT_CONVERSION = YES;
				CLANG_WARN_DEPRECATED_OBJC_IMPLEMENTATIONS = YES;
				CLANG_WARN_DIRECT_OBJC_ISA_USAGE = YES_ERROR;
				CLANG_WARN_DOCUMENTATION_COMMENTS = YES;
				CLANG_WARN_EMPTY_BODY = YES;
				CLANG_WARN_ENUM_CONVERSION = YES;
				CLANG_WARN_INFINITE_RECURSION = YES;
				CLANG_WARN_INT_CONVERSION = YES;
				CLANG_WARN_NON_LITERAL_NULL_CONVERSION = YES;
				CLANG_WARN_OBJC_IMPLICIT_RETAIN_SELF = YES;
				CLANG_WARN_OBJC_LITERAL_CONVERSION = YES;
				CLANG_WARN_OBJC_ROOT_CLASS = YES_ERROR;
				CLANG_WARN_RANGE_LOOP_ANALYSIS = YES;
				CLANG_WARN_STRICT_PROTOTYPES = YES;
				CLANG_WARN_SUSPICIOUS_MOVE = YES;
				CLANG_WARN_UNGUARDED_AVAILABILITY = YES_AGGRESSIVE;
				CLANG_WARN_UNREACHABLE_CODE = YES;
				CLANG_WARN__DUPLICATE_METHOD_MATCH = YES;
				CODE_SIGN_IDENTITY = "iPhone Developer";
				COPY_PHASE_STRIP = NO;
				DEBUG_INFORMATION_FORMAT = "dwarf-with-dsym";
				ENABLE_NS_ASSERTIONS = NO;
				ENABLE_STRICT_OBJC_MSGSEND = YES;
				GCC_C_LANGUAGE_STANDARD = gnu11;
				GCC_NO_COMMON_BLOCKS = YES;
				GCC_WARN_64_TO_32_BIT_CONVERSION = YES;
				GCC_WARN_ABOUT_RETURN_TYPE = YES_ERROR;
				GCC_WARN_UNDECLARED_SELECTOR = YES;
				GCC_WARN_UNINITIALIZED_AUTOS = YES_AGGRESSIVE;
				GCC_WARN_UNUSED_FUNCTION = YES;
				GCC_WARN_UNUSED_VARIABLE = YES;
				IPHONEOS_DEPLOYMENT_TARGET = 12.2;
				MTL_ENABLE_DEBUG_INFO = NO;
				MTL_FAST_MATH = YES;
				SDKROOT = iphoneos;
				SWIFT_COMPILATION_MODE = wholemodule;
				SWIFT_OPTIMIZATION_LEVEL = "-O";
				VALIDATE_PRODUCT = YES;
			};
			name = Release;
		};
		B51D02462258C41A00DEB1C9 /* Debug */ = {
			isa = XCBuildConfiguration;
			baseConfigurationReference = CB8AFF0EA53374A39FC7ACD2 /* Pods-dashboard.debug.xcconfig */;
			buildSettings = {
				ASSETCATALOG_COMPILER_APPICON_NAME = AppIcon;
				CODE_SIGN_ENTITLEMENTS = dashboard/dashboard.entitlements;
				CODE_SIGN_STYLE = Automatic;
				DEVELOPMENT_TEAM = 8832U97EJ9;
				INFOPLIST_FILE = dashboard/Info.plist;
				IPHONEOS_DEPLOYMENT_TARGET = 12.0;
				LD_RUNPATH_SEARCH_PATHS = (
					"$(inherited)",
					"@executable_path/Frameworks",
				);
				PRODUCT_BUNDLE_IDENTIFIER = com.tapsharp.dashboard;
				PRODUCT_NAME = "$(TARGET_NAME)";
				SWIFT_VERSION = 5.0;
				TARGETED_DEVICE_FAMILY = "1,2";
			};
			name = Debug;
		};
		B51D02472258C41A00DEB1C9 /* Release */ = {
			isa = XCBuildConfiguration;
			baseConfigurationReference = E3E18898F251B60925EF5EFD /* Pods-dashboard.release.xcconfig */;
			buildSettings = {
				ASSETCATALOG_COMPILER_APPICON_NAME = AppIcon;
				CODE_SIGN_ENTITLEMENTS = dashboard/dashboard.entitlements;
				CODE_SIGN_STYLE = Automatic;
				DEVELOPMENT_TEAM = 8832U97EJ9;
				INFOPLIST_FILE = dashboard/Info.plist;
				IPHONEOS_DEPLOYMENT_TARGET = 12.0;
				LD_RUNPATH_SEARCH_PATHS = (
					"$(inherited)",
					"@executable_path/Frameworks",
				);
				PRODUCT_BUNDLE_IDENTIFIER = com.tapsharp.dashboard;
				PRODUCT_NAME = "$(TARGET_NAME)";
				SWIFT_VERSION = 5.0;
				TARGETED_DEVICE_FAMILY = "1,2";
			};
			name = Release;
		};
/* End XCBuildConfiguration section */

/* Begin XCConfigurationList section */
		B51D022E2258C41900DEB1C9 /* Build configuration list for PBXProject "dashboard" */ = {
			isa = XCConfigurationList;
			buildConfigurations = (
				B51D02432258C41A00DEB1C9 /* Debug */,
				B51D02442258C41A00DEB1C9 /* Release */,
			);
			defaultConfigurationIsVisible = 0;
			defaultConfigurationName = Release;
		};
		B51D02452258C41A00DEB1C9 /* Build configuration list for PBXNativeTarget "dashboard" */ = {
			isa = XCConfigurationList;
			buildConfigurations = (
				B51D02462258C41A00DEB1C9 /* Debug */,
				B51D02472258C41A00DEB1C9 /* Release */,
			);
			defaultConfigurationIsVisible = 0;
			defaultConfigurationName = Release;
		};
/* End XCConfigurationList section */
	};
	rootObject = B51D022B2258C41900DEB1C9 /* Project object */;
}
